
Microsoft Visual Studio Solution File, Format Version 12.00
# Visual Studio Version 17
VisualStudioVersion = 17.5.33502.453
MinimumVisualStudioVersion = 10.0.40219.1
Project("{FAE04EC0-301F-11D3-BF4B-00C04F79EFBC}") = "TaskTrac.DAL", "TaskTrac.DAL\TaskTrac.DAL.csproj", "{C4B7FE8C-FBD7-42BE-9C23-DCB42FE611B0}"
EndProject
Project("{FAE04EC0-301F-11D3-BF4B-00C04F79EFBC}") = "TaskTrac.BLL", "TaskTrac.BLL\TaskTrac.BLL.csproj", "{30902C5E-8558-4778-9484-63599BA0D770}"
EndProject
Project("{FAE04EC0-301F-11D3-BF4B-00C04F79EFBC}") = "TaskTrac.API", "TaskTrac.API\TaskTrac.API.csproj", "{B4D1713E-7C80-4D22-8915-126BE592DDE9}"
EndProject
Project("{FAE04EC0-301F-11D3-BF4B-00C04F79EFBC}") = "TaskTrac.PL", "TaskTrac.PL\TaskTrac.PL.csproj", "{23B00CBA-F821-4233-ADBB-55777D458421}"
EndProject
Global
	GlobalSection(SolutionConfigurationPlatforms) = preSolution
		Debug|Any CPU = Debug|Any CPU
		Release|Any CPU = Release|Any CPU
	EndGlobalSection
	GlobalSection(ProjectConfigurationPlatforms) = postSolution
		{C4B7FE8C-FBD7-42BE-9C23-DCB42FE611B0}.Debug|Any CPU.ActiveCfg = Debug|Any CPU
		{C4B7FE8C-FBD7-42BE-9C23-DCB42FE611B0}.Debug|Any CPU.Build.0 = Debug|Any CPU
		{C4B7FE8C-FBD7-42BE-9C23-DCB42FE611B0}.Release|Any CPU.ActiveCfg = Release|Any CPU
		{C4B7FE8C-FBD7-42BE-9C23-DCB42FE611B0}.Release|Any CPU.Build.0 = Release|Any CPU
		{30902C5E-8558-4778-9484-63599BA0D770}.Debug|Any CPU.ActiveCfg = Debug|Any CPU
		{30902C5E-8558-4778-9484-63599BA0D770}.Debug|Any CPU.Build.0 = Debug|Any CPU
		{30902C5E-8558-4778-9484-63599BA0D770}.Release|Any CPU.ActiveCfg = Release|Any CPU
		{30902C5E-8558-4778-9484-63599BA0D770}.Release|Any CPU.Build.0 = Release|Any CPU
		{B4D1713E-7C80-4D22-8915-126BE592DDE9}.Debug|Any CPU.ActiveCfg = Debug|Any CPU
		{B4D1713E-7C80-4D22-8915-126BE592DDE9}.Debug|Any CPU.Build.0 = Debug|Any CPU
		{B4D1713E-7C80-4D22-8915-126BE592DDE9}.Release|Any CPU.ActiveCfg = Release|Any CPU
		{B4D1713E-7C80-4D22-8915-126BE592DDE9}.Release|Any CPU.Build.0 = Release|Any CPU
		{23B00CBA-F821-4233-ADBB-55777D458421}.Debug|Any CPU.ActiveCfg = Debug|Any CPU
		{23B00CBA-F821-4233-ADBB-55777D458421}.Debug|Any CPU.Build.0 = Debug|Any CPU
		{23B00CBA-F821-4233-ADBB-55777D458421}.Release|Any CPU.ActiveCfg = Release|Any CPU
		{23B00CBA-F821-4233-ADBB-55777D458421}.Release|Any CPU.Build.0 = Release|Any CPU
	EndGlobalSection
	GlobalSection(SolutionProperties) = preSolution
		HideSolutionNode = FALSE
	EndGlobalSection
	GlobalSection(ExtensibilityGlobals) = postSolution
		SolutionGuid = {73108984-2107-4F0F-8FCD-D7EEC4B42269}
	EndGlobalSection
EndGlobal
